
Microsoft Visual Studio Solution File, Format Version 12.00
# Visual Studio Version 16
VisualStudioVersion = 16.0.31321.278
MinimumVisualStudioVersion = 10.0.40219.1
Project("{9A19103F-16F7-4668-BE54-9A1E7A4F7556}") = "JRockoMusic.Models", "JRockoMusic.Models\JRockoMusic.Models.csproj", "{B04C9226-8E39-471F-A819-29C48383A10C}"
EndProject
Project("{9A19103F-16F7-4668-BE54-9A1E7A4F7556}") = "JRockoMusic.Data", "JRockoMusic.Data\JRockoMusic.Data.csproj", "{152E0BB9-6B4A-42C5-AF34-627698CE824D}"
EndProject
Project("{9A19103F-16F7-4668-BE54-9A1E7A4F7556}") = "JRockoMusic.WebApi2", "JRockoMusic.WebApi2\JRockoMusic.WebApi2.csproj", "{4A113794-86E4-4111-A511-44D96C14BD58}"
EndProject
Global
	GlobalSection(SolutionConfigurationPlatforms) = preSolution
		Debug|Any CPU = Debug|Any CPU
		Release|Any CPU = Release|Any CPU
	EndGlobalSection
	GlobalSection(ProjectConfigurationPlatforms) = postSolution
		{B04C9226-8E39-471F-A819-29C48383A10C}.Debug|Any CPU.ActiveCfg = Debug|Any CPU
		{B04C9226-8E39-471F-A819-29C48383A10C}.Debug|Any CPU.Build.0 = Debug|Any CPU
		{B04C9226-8E39-471F-A819-29C48383A10C}.Release|Any CPU.ActiveCfg = Release|Any CPU
		{B04C9226-8E39-471F-A819-29C48383A10C}.Release|Any CPU.Build.0 = Release|Any CPU
		{152E0BB9-6B4A-42C5-AF34-627698CE824D}.Debug|Any CPU.ActiveCfg = Debug|Any CPU
		{152E0BB9-6B4A-42C5-AF34-627698CE824D}.Debug|Any CPU.Build.0 = Debug|Any CPU
		{152E0BB9-6B4A-42C5-AF34-627698CE824D}.Release|Any CPU.ActiveCfg = Release|Any CPU
		{152E0BB9-6B4A-42C5-AF34-627698CE824D}.Release|Any CPU.Build.0 = Release|Any CPU
		{4A113794-86E4-4111-A511-44D96C14BD58}.Debug|Any CPU.ActiveCfg = Debug|Any CPU
		{4A113794-86E4-4111-A511-44D96C14BD58}.Debug|Any CPU.Build.0 = Debug|Any CPU
		{4A113794-86E4-4111-A511-44D96C14BD58}.Release|Any CPU.ActiveCfg = Release|Any CPU
		{4A113794-86E4-4111-A511-44D96C14BD58}.Release|Any CPU.Build.0 = Release|Any CPU
	EndGlobalSection
	GlobalSection(SolutionProperties) = preSolution
		HideSolutionNode = FALSE
	EndGlobalSection
	GlobalSection(ExtensibilityGlobals) = postSolution
		SolutionGuid = {B269FD28-7164-48F4-A114-BB521E7B5120}
	EndGlobalSection
EndGlobal
